
Microsoft Visual Studio Solution File, Format Version 12.00
# Visual Studio Version 17
VisualStudioVersion = 17.2.32505.173
MinimumVisualStudioVersion = 10.0.40219.1
Project("{54A90642-561A-4BB1-A94E-469ADEE60C69}") = "Portfolio", "Portfolio\Portfolio.esproj", "{DAC1A184-EC0B-450A-A783-0E4110993CD1}"
EndProject
Global
	GlobalSection(SolutionConfigurationPlatforms) = preSolution
		Debug|Any CPU = Debug|Any CPU
		Release|Any CPU = Release|Any CPU
	EndGlobalSection
	GlobalSection(ProjectConfigurationPlatforms) = postSolution
		{DAC1A184-EC0B-450A-A783-0E4110993CD1}.Debug|Any CPU.ActiveCfg = Debug|Any CPU
		{DAC1A184-EC0B-450A-A783-0E4110993CD1}.Debug|Any CPU.Build.0 = Debug|Any CPU
		{DAC1A184-EC0B-450A-A783-0E4110993CD1}.Debug|Any CPU.Deploy.0 = Debug|Any CPU
		{DAC1A184-EC0B-450A-A783-0E4110993CD1}.Release|Any CPU.ActiveCfg = Release|Any CPU
		{DAC1A184-EC0B-450A-A783-0E4110993CD1}.Release|Any CPU.Build.0 = Release|Any CPU
		{DAC1A184-EC0B-450A-A783-0E4110993CD1}.Release|Any CPU.Deploy.0 = Release|Any CPU
	EndGlobalSection
	GlobalSection(SolutionProperties) = preSolution
		HideSolutionNode = FALSE
	EndGlobalSection
	GlobalSection(ExtensibilityGlobals) = postSolution
		SolutionGuid = {6D227CF4-9346-4930-98A2-969FA0EB234F}
	EndGlobalSection
EndGlobal
